version: 2.0
shards:
  backtracer:
    git: https://github.com/sija/backtracer.cr.git
    version: 1.2.2

  blueprint:
    git: https://github.com/stephannv/blueprint.git
    version: 0.11.0

  crowsa:
    path: ../..
    version: 1.0.0

  crymagick:
    git: https://github.com/imdrasil/crymagick.git
    version: 0.2.3

  exception_page:
    git: https://github.com/crystal-loot/exception_page.git
    version: 0.4.1

  hyaline:
    git: https://codeberg.org/XDR/Hyaline
    version: 0.2.4+git.commit.c4ab1f6c78b0de5c48d57d34c4bb43ff7ef0ca7f

  kemal:
    git: https://github.com/kemalcr/kemal.git
    version: 1.6.0

  radix:
    git: https://github.com/luislavena/radix.git
    version: 0.4.1
